
Microsoft Visual Studio Solution File, Format Version 12.00
# Visual Studio Version 16
VisualStudioVersion = 16.0.31727.386
MinimumVisualStudioVersion = 10.0.40219.1
Project("{FAE04EC0-301F-11D3-BF4B-00C04F79EFBC}") = "efm2", "efm2\efm2.csproj", "{ABC558F4-88C6-4976-9B0C-8EB8234F33CF}"
EndProject
Global
	GlobalSection(SolutionConfigurationPlatforms) = preSolution
		Debug|Any CPU = Debug|Any CPU
		Release|Any CPU = Release|Any CPU
	EndGlobalSection
	GlobalSection(ProjectConfigurationPlatforms) = postSolution
		{ABC558F4-88C6-4976-9B0C-8EB8234F33CF}.Debug|Any CPU.ActiveCfg = Debug|Any CPU
		{ABC558F4-88C6-4976-9B0C-8EB8234F33CF}.Debug|Any CPU.Build.0 = Debug|Any CPU
		{ABC558F4-88C6-4976-9B0C-8EB8234F33CF}.Release|Any CPU.ActiveCfg = Release|Any CPU
		{ABC558F4-88C6-4976-9B0C-8EB8234F33CF}.Release|Any CPU.Build.0 = Release|Any CPU
	EndGlobalSection
	GlobalSection(SolutionProperties) = preSolution
		HideSolutionNode = FALSE
	EndGlobalSection
	GlobalSection(ExtensibilityGlobals) = postSolution
		SolutionGuid = {7CC622C7-BDB0-4820-A22C-05EA86B1C9FB}
	EndGlobalSection
EndGlobal
